
Microsoft Visual Studio Solution File, Format Version 12.00
# Visual Studio 15
VisualStudioVersion = 15.0.28307.438
MinimumVisualStudioVersion = 10.0.40219.1
Project("{FAE04EC0-301F-11D3-BF4B-00C04F79EFBC}") = "ExportPDF", "ExportPDF\ExportPDF.csproj", "{C9C8A8F3-1570-46D1-8CF7-EFE0852D743C}"
EndProject
Global
	GlobalSection(SolutionConfigurationPlatforms) = preSolution
		Debug|Any CPU = Debug|Any CPU
		Release|Any CPU = Release|Any CPU
	EndGlobalSection
	GlobalSection(ProjectConfigurationPlatforms) = postSolution
		{C9C8A8F3-1570-46D1-8CF7-EFE0852D743C}.Debug|Any CPU.ActiveCfg = Debug|Any CPU
		{C9C8A8F3-1570-46D1-8CF7-EFE0852D743C}.Debug|Any CPU.Build.0 = Debug|Any CPU
		{C9C8A8F3-1570-46D1-8CF7-EFE0852D743C}.Release|Any CPU.ActiveCfg = Release|Any CPU
		{C9C8A8F3-1570-46D1-8CF7-EFE0852D743C}.Release|Any CPU.Build.0 = Release|Any CPU
	EndGlobalSection
	GlobalSection(SolutionProperties) = preSolution
		HideSolutionNode = FALSE
	EndGlobalSection
	GlobalSection(ExtensibilityGlobals) = postSolution
		SolutionGuid = {347B2140-F759-4335-936C-39FBCEE1E91C}
	EndGlobalSection
EndGlobal
